// !$*UTF8*$!
{
	archiveVersion = 1;
	classes = {
	};
	objectVersion = 50;
	objects = {

/* Begin PBXBuildFile section */
		872739C9241526EF002BD06B /* AppDelegate.swift in Sources */ = {isa = PBXBuildFile; fileRef = 872739C8241526EF002BD06B /* AppDelegate.swift */; };
		872739CF241526EF002BD06B /* GameScene.swift in Sources */ = {isa = PBXBuildFile; fileRef = 872739CE241526EF002BD06B /* GameScene.swift */; };
		872739D1241526EF002BD06B /* GameViewController.swift in Sources */ = {isa = PBXBuildFile; fileRef = 872739D0241526EF002BD06B /* GameViewController.swift */; };
		872739D4241526EF002BD06B /* Main.storyboard in Resources */ = {isa = PBXBuildFile; fileRef = 872739D2241526EF002BD06B /* Main.storyboard */; };
		872739D6241526F2002BD06B /* Assets.xcassets in Resources */ = {isa = PBXBuildFile; fileRef = 872739D5241526F2002BD06B /* Assets.xcassets */; };
		872739D9241526F2002BD06B /* LaunchScreen.storyboard in Resources */ = {isa = PBXBuildFile; fileRef = 872739D7241526F2002BD06B /* LaunchScreen.storyboard */; };
		872739E4241526F3002BD06B /* DoodleJumpTests.swift in Sources */ = {isa = PBXBuildFile; fileRef = 872739E3241526F3002BD06B /* DoodleJumpTests.swift */; };
		872739EF241526F3002BD06B /* DoodleJumpUITests.swift in Sources */ = {isa = PBXBuildFile; fileRef = 872739EE241526F3002BD06B /* DoodleJumpUITests.swift */; };
		87273A0D24153234002BD06B /* Background.swift in Sources */ = {isa = PBXBuildFile; fileRef = 87273A0C24153234002BD06B /* Background.swift */; };
		87273A0E24153420002BD06B /* background.png in Resources */ = {isa = PBXBuildFile; fileRef = 87273A0B241531A2002BD06B /* background.png */; };
		87273A112415528F002BD06B /* Player.swift in Sources */ = {isa = PBXBuildFile; fileRef = 87273A102415528F002BD06B /* Player.swift */; };
		87273A1324155698002BD06B /* Floor.swift in Sources */ = {isa = PBXBuildFile; fileRef = 87273A1224155698002BD06B /* Floor.swift */; };
		87273A15241579AE002BD06B /* Stucts.swift in Sources */ = {isa = PBXBuildFile; fileRef = 87273A14241579AE002BD06B /* Stucts.swift */; };
		873168DB241E7FA100024ECC /* blueFloor.png in Resources */ = {isa = PBXBuildFile; fileRef = 8751ED55241E72F3005EAAB7 /* blueFloor.png */; };
		873168DC241E7FA100024ECC /* redFloor.png in Resources */ = {isa = PBXBuildFile; fileRef = 8751ED56241E72F3005EAAB7 /* redFloor.png */; };
		873168DD241E7FA100024ECC /* whiteFloor.png in Resources */ = {isa = PBXBuildFile; fileRef = 8751ED54241E72F3005EAAB7 /* whiteFloor.png */; };
		873168DF241EA14C00024ECC /* greenBackground.png in Resources */ = {isa = PBXBuildFile; fileRef = 873168DE241EA14C00024ECC /* greenBackground.png */; };
		873168E1241EA1CA00024ECC /* GreenBackground.swift in Sources */ = {isa = PBXBuildFile; fileRef = 873168E0241EA1CA00024ECC /* GreenBackground.swift */; };
		87339A1E241E373800C1A5CD /* Textures.swift in Sources */ = {isa = PBXBuildFile; fileRef = 87339A1D241E373800C1A5CD /* Textures.swift */; };
		874BE0B5241B79ED001678DF /* GameSceneHUD.swift in Sources */ = {isa = PBXBuildFile; fileRef = 874BE0B4241B79ED001678DF /* GameSceneHUD.swift */; };
		8751ED59241E7386005EAAB7 /* WhiteFloor.swift in Sources */ = {isa = PBXBuildFile; fileRef = 8751ED58241E7386005EAAB7 /* WhiteFloor.swift */; };
		8751ED5B241E738D005EAAB7 /* RedFloor.swift in Sources */ = {isa = PBXBuildFile; fileRef = 8751ED5A241E738D005EAAB7 /* RedFloor.swift */; };
		8751ED5D241E739C005EAAB7 /* BlueFloor.swift in Sources */ = {isa = PBXBuildFile; fileRef = 8751ED5C241E739C005EAAB7 /* BlueFloor.swift */; };
		8753955B241D325900A02B2C /* UIViewExtension.swift in Sources */ = {isa = PBXBuildFile; fileRef = 8753955A241D325900A02B2C /* UIViewExtension.swift */; };
		87539567241D350700A02B2C /* leftSeat.png in Resources */ = {isa = PBXBuildFile; fileRef = 87539563241D350700A02B2C /* leftSeat.png */; };
		87539568241D350700A02B2C /* rightSeat.png in Resources */ = {isa = PBXBuildFile; fileRef = 87539564241D350700A02B2C /* rightSeat.png */; };
		87539569241D350700A02B2C /* leftStay.png in Resources */ = {isa = PBXBuildFile; fileRef = 87539565241D350700A02B2C /* leftStay.png */; };
		8753956A241D350700A02B2C /* rightStay.png in Resources */ = {isa = PBXBuildFile; fileRef = 87539566241D350700A02B2C /* rightStay.png */; };
		87831663241CE330003C208A /* MenuSceneHUD.swift in Sources */ = {isa = PBXBuildFile; fileRef = 87831662241CE330003C208A /* MenuSceneHUD.swift */; };
		87B57F53241A4523008CB14E /* GameSceneExtension.swift in Sources */ = {isa = PBXBuildFile; fileRef = 87B57F52241A4523008CB14E /* GameSceneExtension.swift */; };
		87B57F55241A580C008CB14E /* MenuScene.swift in Sources */ = {isa = PBXBuildFile; fileRef = 87B57F54241A580C008CB14E /* MenuScene.swift */; };
/* End PBXBuildFile section */

/* Begin PBXContainerItemProxy section */
		872739E0241526F3002BD06B /* PBXContainerItemProxy */ = {
			isa = PBXContainerItemProxy;
			containerPortal = 872739BD241526EF002BD06B /* Project object */;
			proxyType = 1;
			remoteGlobalIDString = 872739C4241526EF002BD06B;
			remoteInfo = DoodleJump;
		};
		872739EB241526F3002BD06B /* PBXContainerItemProxy */ = {
			isa = PBXContainerItemProxy;
			containerPortal = 872739BD241526EF002BD06B /* Project object */;
			proxyType = 1;
			remoteGlobalIDString = 872739C4241526EF002BD06B;
			remoteInfo = DoodleJump;
		};
/* End PBXContainerItemProxy section */

/* Begin PBXFileReference section */
		872739C5241526EF002BD06B /* DoodleJump.app */ = {isa = PBXFileReference; explicitFileType = wrapper.application; includeInIndex = 0; path = DoodleJump.app; sourceTree = BUILT_PRODUCTS_DIR; };
		872739C8241526EF002BD06B /* AppDelegate.swift */ = {isa = PBXFileReference; lastKnownFileType = sourcecode.swift; path = AppDelegate.swift; sourceTree = "<group>"; };
		872739CE241526EF002BD06B /* GameScene.swift */ = {isa = PBXFileReference; lastKnownFileType = sourcecode.swift; path = GameScene.swift; sourceTree = "<group>"; };
		872739D0241526EF002BD06B /* GameViewController.swift */ = {isa = PBXFileReference; lastKnownFileType = sourcecode.swift; path = GameViewController.swift; sourceTree = "<group>"; };
		872739D3241526EF002BD06B /* Base */ = {isa = PBXFileReference; lastKnownFileType = file.storyboard; name = Base; path = Base.lproj/Main.storyboard; sourceTree = "<group>"; };
		872739D5241526F2002BD06B /* Assets.xcassets */ = {isa = PBXFileReference; lastKnownFileType = folder.assetcatalog; path = Assets.xcassets; sourceTree = "<group>"; };
		872739D8241526F2002BD06B /* Base */ = {isa = PBXFileReference; lastKnownFileType = file.storyboard; name = Base; path = Base.lproj/LaunchScreen.storyboard; sourceTree = "<group>"; };
		872739DA241526F2002BD06B /* Info.plist */ = {isa = PBXFileReference; lastKnownFileType = text.plist.xml; path = Info.plist; sourceTree = "<group>"; };
		872739DF241526F3002BD06B /* DoodleJumpTests.xctest */ = {isa = PBXFileReference; explicitFileType = wrapper.cfbundle; includeInIndex = 0; path = DoodleJumpTests.xctest; sourceTree = BUILT_PRODUCTS_DIR; };
		872739E3241526F3002BD06B /* DoodleJumpTests.swift */ = {isa = PBXFileReference; lastKnownFileType = sourcecode.swift; path = DoodleJumpTests.swift; sourceTree = "<group>"; };
		872739E5241526F3002BD06B /* Info.plist */ = {isa = PBXFileReference; lastKnownFileType = text.plist.xml; path = Info.plist; sourceTree = "<group>"; };
		872739EA241526F3002BD06B /* DoodleJumpUITests.xctest */ = {isa = PBXFileReference; explicitFileType = wrapper.cfbundle; includeInIndex = 0; path = DoodleJumpUITests.xctest; sourceTree = BUILT_PRODUCTS_DIR; };
		872739EE241526F3002BD06B /* DoodleJumpUITests.swift */ = {isa = PBXFileReference; lastKnownFileType = sourcecode.swift; path = DoodleJumpUITests.swift; sourceTree = "<group>"; };
		872739F0241526F3002BD06B /* Info.plist */ = {isa = PBXFileReference; lastKnownFileType = text.plist.xml; path = Info.plist; sourceTree = "<group>"; };
		87273A0B241531A2002BD06B /* background.png */ = {isa = PBXFileReference; lastKnownFileType = image.png; path = background.png; sourceTree = "<group>"; };
		87273A0C24153234002BD06B /* Background.swift */ = {isa = PBXFileReference; lastKnownFileType = sourcecode.swift; path = Background.swift; sourceTree = "<group>"; };
		87273A102415528F002BD06B /* Player.swift */ = {isa = PBXFileReference; lastKnownFileType = sourcecode.swift; path = Player.swift; sourceTree = "<group>"; };
		87273A1224155698002BD06B /* Floor.swift */ = {isa = PBXFileReference; lastKnownFileType = sourcecode.swift; path = Floor.swift; sourceTree = "<group>"; };
		87273A14241579AE002BD06B /* Stucts.swift */ = {isa = PBXFileReference; lastKnownFileType = sourcecode.swift; path = Stucts.swift; sourceTree = "<group>"; };
		873168DE241EA14C00024ECC /* greenBackground.png */ = {isa = PBXFileReference; lastKnownFileType = image.png; path = greenBackground.png; sourceTree = "<group>"; };
		873168E0241EA1CA00024ECC /* GreenBackground.swift */ = {isa = PBXFileReference; lastKnownFileType = sourcecode.swift; path = GreenBackground.swift; sourceTree = "<group>"; };
		87339A1D241E373800C1A5CD /* Textures.swift */ = {isa = PBXFileReference; lastKnownFileType = sourcecode.swift; path = Textures.swift; sourceTree = "<group>"; };
		874BE0B4241B79ED001678DF /* GameSceneHUD.swift */ = {isa = PBXFileReference; lastKnownFileType = sourcecode.swift; path = GameSceneHUD.swift; sourceTree = "<group>"; };
		8751ED54241E72F3005EAAB7 /* whiteFloor.png */ = {isa = PBXFileReference; lastKnownFileType = image.png; name = whiteFloor.png; path = ../Floor/whiteFloor.png; sourceTree = "<group>"; };
		8751ED55241E72F3005EAAB7 /* blueFloor.png */ = {isa = PBXFileReference; lastKnownFileType = image.png; name = blueFloor.png; path = ../Floor/blueFloor.png; sourceTree = "<group>"; };
		8751ED56241E72F3005EAAB7 /* redFloor.png */ = {isa = PBXFileReference; lastKnownFileType = image.png; name = redFloor.png; path = ../Floor/redFloor.png; sourceTree = "<group>"; };
		8751ED58241E7386005EAAB7 /* WhiteFloor.swift */ = {isa = PBXFileReference; lastKnownFileType = sourcecode.swift; path = WhiteFloor.swift; sourceTree = "<group>"; };
		8751ED5A241E738D005EAAB7 /* RedFloor.swift */ = {isa = PBXFileReference; lastKnownFileType = sourcecode.swift; path = RedFloor.swift; sourceTree = "<group>"; };
		8751ED5C241E739C005EAAB7 /* BlueFloor.swift */ = {isa = PBXFileReference; lastKnownFileType = sourcecode.swift; path = BlueFloor.swift; sourceTree = "<group>"; };
		8753955A241D325900A02B2C /* UIViewExtension.swift */ = {isa = PBXFileReference; lastKnownFileType = sourcecode.swift; path = UIViewExtension.swift; sourceTree = "<group>"; };
		87539563241D350700A02B2C /* leftSeat.png */ = {isa = PBXFileReference; lastKnownFileType = image.png; path = leftSeat.png; sourceTree = "<group>"; };
		87539564241D350700A02B2C /* rightSeat.png */ = {isa = PBXFileReference; lastKnownFileType = image.png; path = rightSeat.png; sourceTree = "<group>"; };
		87539565241D350700A02B2C /* leftStay.png */ = {isa = PBXFileReference; lastKnownFileType = image.png; path = leftStay.png; sourceTree = "<group>"; };
		87539566241D350700A02B2C /* rightStay.png */ = {isa = PBXFileReference; lastKnownFileType = image.png; path = rightStay.png; sourceTree = "<group>"; };
		87831662241CE330003C208A /* MenuSceneHUD.swift */ = {isa = PBXFileReference; lastKnownFileType = sourcecode.swift; path = MenuSceneHUD.swift; sourceTree = "<group>"; };
		87B57F52241A4523008CB14E /* GameSceneExtension.swift */ = {isa = PBXFileReference; lastKnownFileType = sourcecode.swift; path = GameSceneExtension.swift; sourceTree = "<group>"; };
		87B57F54241A580C008CB14E /* MenuScene.swift */ = {isa = PBXFileReference; lastKnownFileType = sourcecode.swift; path = MenuScene.swift; sourceTree = "<group>"; };
/* End PBXFileReference section */

/* Begin PBXFrameworksBuildPhase section */
		872739C2241526EF002BD06B /* Frameworks */ = {
			isa = PBXFrameworksBuildPhase;
			buildActionMask = 2147483647;
			files = (
			);
			runOnlyForDeploymentPostprocessing = 0;
		};
		872739DC241526F3002BD06B /* Frameworks */ = {
			isa = PBXFrameworksBuildPhase;
			buildActionMask = 2147483647;
			files = (
			);
			runOnlyForDeploymentPostprocessing = 0;
		};
		872739E7241526F3002BD06B /* Frameworks */ = {
			isa = PBXFrameworksBuildPhase;
			buildActionMask = 2147483647;
			files = (
			);
			runOnlyForDeploymentPostprocessing = 0;
		};
/* End PBXFrameworksBuildPhase section */

/* Begin PBXGroup section */
		872739BC241526EF002BD06B = {
			isa = PBXGroup;
			children = (
				872739C7241526EF002BD06B /* DoodleJump */,
				872739E2241526F3002BD06B /* DoodleJumpTests */,
				872739ED241526F3002BD06B /* DoodleJumpUITests */,
				872739C6241526EF002BD06B /* Products */,
			);
			sourceTree = "<group>";
		};
		872739C6241526EF002BD06B /* Products */ = {
			isa = PBXGroup;
			children = (
				872739C5241526EF002BD06B /* DoodleJump.app */,
				872739DF241526F3002BD06B /* DoodleJumpTests.xctest */,
				872739EA241526F3002BD06B /* DoodleJumpUITests.xctest */,
			);
			name = Products;
			sourceTree = "<group>";
		};
		872739C7241526EF002BD06B /* DoodleJump */ = {
			isa = PBXGroup;
			children = (
				87539559241D322E00A02B2C /* Scenes */,
				8753955D241D32AB00A02B2C /* Extensions + Structs */,
				87539558241D321E00A02B2C /* HUDs */,
				8753955C241D329300A02B2C /* Objects */,
				8753955E241D32ED00A02B2C /* Controllers */,
				8753955F241D32F600A02B2C /* Other */,
				87539560241D330F00A02B2C /* Sprites */,
				872739DA241526F2002BD06B /* Info.plist */,
			);
			path = DoodleJump;
			sourceTree = "<group>";
		};
		872739E2241526F3002BD06B /* DoodleJumpTests */ = {
			isa = PBXGroup;
			children = (
				872739E3241526F3002BD06B /* DoodleJumpTests.swift */,
				872739E5241526F3002BD06B /* Info.plist */,
			);
			path = DoodleJumpTests;
			sourceTree = "<group>";
		};
		872739ED241526F3002BD06B /* DoodleJumpUITests */ = {
			isa = PBXGroup;
			children = (
				872739EE241526F3002BD06B /* DoodleJumpUITests.swift */,
				872739F0241526F3002BD06B /* Info.plist */,
			);
			path = DoodleJumpUITests;
			sourceTree = "<group>";
		};
		872739FC24153106002BD06B /* Doodle */ = {
			isa = PBXGroup;
			children = (
				87539563241D350700A02B2C /* leftSeat.png */,
				87539565241D350700A02B2C /* leftStay.png */,
				87539564241D350700A02B2C /* rightSeat.png */,
				87539566241D350700A02B2C /* rightStay.png */,
			);
			path = Doodle;
			sourceTree = "<group>";
		};
		87273A09241531A1002BD06B /* Background */ = {
			isa = PBXGroup;
			children = (
				873168DE241EA14C00024ECC /* greenBackground.png */,
				87273A0B241531A2002BD06B /* background.png */,
			);
			path = Background;
			sourceTree = "<group>";
		};
		8751ED57241E72FD005EAAB7 /* Floors */ = {
			isa = PBXGroup;
			children = (
				8751ED55241E72F3005EAAB7 /* blueFloor.png */,
				8751ED56241E72F3005EAAB7 /* redFloor.png */,
				8751ED54241E72F3005EAAB7 /* whiteFloor.png */,
			);
			path = Floors;
			sourceTree = "<group>";
		};
		87539558241D321E00A02B2C /* HUDs */ = {
			isa = PBXGroup;
			children = (
				874BE0B4241B79ED001678DF /* GameSceneHUD.swift */,
				87831662241CE330003C208A /* MenuSceneHUD.swift */,
			);
			path = HUDs;
			sourceTree = "<group>";
		};
		87539559241D322E00A02B2C /* Scenes */ = {
			isa = PBXGroup;
			children = (
				872739CE241526EF002BD06B /* GameScene.swift */,
				87B57F54241A580C008CB14E /* MenuScene.swift */,
			);
			path = Scenes;
			sourceTree = "<group>";
		};
		8753955C241D329300A02B2C /* Objects */ = {
			isa = PBXGroup;
			children = (
				87273A1224155698002BD06B /* Floor.swift */,
				8751ED58241E7386005EAAB7 /* WhiteFloor.swift */,
				8751ED5A241E738D005EAAB7 /* RedFloor.swift */,
				8751ED5C241E739C005EAAB7 /* BlueFloor.swift */,
				87273A0C24153234002BD06B /* Background.swift */,
				873168E0241EA1CA00024ECC /* GreenBackground.swift */,
				87273A102415528F002BD06B /* Player.swift */,
			);
			path = Objects;
			sourceTree = "<group>";
		};
		8753955D241D32AB00A02B2C /* Extensions + Structs */ = {
			isa = PBXGroup;
			children = (
				87B57F52241A4523008CB14E /* GameSceneExtension.swift */,
				8753955A241D325900A02B2C /* UIViewExtension.swift */,
				87273A14241579AE002BD06B /* Stucts.swift */,
			);
			path = "Extensions + Structs";
			sourceTree = "<group>";
		};
		8753955E241D32ED00A02B2C /* Controllers */ = {
			isa = PBXGroup;
			children = (
				872739D0241526EF002BD06B /* GameViewController.swift */,
			);
			path = Controllers;
			sourceTree = "<group>";
		};
		8753955F241D32F600A02B2C /* Other */ = {
			isa = PBXGroup;
			children = (
				87339A1D241E373800C1A5CD /* Textures.swift */,
				872739C8241526EF002BD06B /* AppDelegate.swift */,
				872739D2241526EF002BD06B /* Main.storyboard */,
				872739D5241526F2002BD06B /* Assets.xcassets */,
				872739D7241526F2002BD06B /* LaunchScreen.storyboard */,
			);
			path = Other;
			sourceTree = "<group>";
		};
		87539560241D330F00A02B2C /* Sprites */ = {
			isa = PBXGroup;
			children = (
				8751ED57241E72FD005EAAB7 /* Floors */,
				87273A09241531A1002BD06B /* Background */,
				872739FC24153106002BD06B /* Doodle */,
			);
			path = Sprites;
			sourceTree = "<group>";
		};
/* End PBXGroup section */

/* Begin PBXNativeTarget section */
		872739C4241526EF002BD06B /* DoodleJump */ = {
			isa = PBXNativeTarget;
			buildConfigurationList = 872739F3241526F3002BD06B /* Build configuration list for PBXNativeTarget "DoodleJump" */;
			buildPhases = (
				872739C1241526EF002BD06B /* Sources */,
				872739C2241526EF002BD06B /* Frameworks */,
				872739C3241526EF002BD06B /* Resources */,
			);
			buildRules = (
			);
			dependencies = (
			);
			name = DoodleJump;
			productName = DoodleJump;
			productReference = 872739C5241526EF002BD06B /* DoodleJump.app */;
			productType = "com.apple.product-type.application";
		};
		872739DE241526F3002BD06B /* DoodleJumpTests */ = {
			isa = PBXNativeTarget;
			buildConfigurationList = 872739F6241526F3002BD06B /* Build configuration list for PBXNativeTarget "DoodleJumpTests" */;
			buildPhases = (
				872739DB241526F3002BD06B /* Sources */,
				872739DC241526F3002BD06B /* Frameworks */,
				872739DD241526F3002BD06B /* Resources */,
			);
			buildRules = (
			);
			dependencies = (
				872739E1241526F3002BD06B /* PBXTargetDependency */,
			);
			name = DoodleJumpTests;
			productName = DoodleJumpTests;
			productReference = 872739DF241526F3002BD06B /* DoodleJumpTests.xctest */;
			productType = "com.apple.product-type.bundle.unit-test";
		};
		872739E9241526F3002BD06B /* DoodleJumpUITests */ = {
			isa = PBXNativeTarget;
			buildConfigurationList = 872739F9241526F3002BD06B /* Build configuration list for PBXNativeTarget "DoodleJumpUITests" */;
			buildPhases = (
				872739E6241526F3002BD06B /* Sources */,
				872739E7241526F3002BD06B /* Frameworks */,
				872739E8241526F3002BD06B /* Resources */,
			);
			buildRules = (
			);
			dependencies = (
				872739EC241526F3002BD06B /* PBXTargetDependency */,
			);
			name = DoodleJumpUITests;
			productName = DoodleJumpUITests;
			productReference = 872739EA241526F3002BD06B /* DoodleJumpUITests.xctest */;
			productType = "com.apple.product-type.bundle.ui-testing";
		};
/* End PBXNativeTarget section */

/* Begin PBXProject section */
		872739BD241526EF002BD06B /* Project object */ = {
			isa = PBXProject;
			attributes = {
				LastSwiftUpdateCheck = 1130;
				LastUpgradeCheck = 1130;
				ORGANIZATIONNAME = Mihail;
				TargetAttributes = {
					872739C4241526EF002BD06B = {
						CreatedOnToolsVersion = 11.3.1;
					};
					872739DE241526F3002BD06B = {
						CreatedOnToolsVersion = 11.3.1;
						TestTargetID = 872739C4241526EF002BD06B;
					};
					872739E9241526F3002BD06B = {
						CreatedOnToolsVersion = 11.3.1;
						TestTargetID = 872739C4241526EF002BD06B;
					};
				};
			};
			buildConfigurationList = 872739C0241526EF002BD06B /* Build configuration list for PBXProject "DoodleJump" */;
			compatibilityVersion = "Xcode 9.3";
			developmentRegion = en;
			hasScannedForEncodings = 0;
			knownRegions = (
				en,
				Base,
			);
			mainGroup = 872739BC241526EF002BD06B;
			productRefGroup = 872739C6241526EF002BD06B /* Products */;
			projectDirPath = "";
			projectRoot = "";
			targets = (
				872739C4241526EF002BD06B /* DoodleJump */,
				872739DE241526F3002BD06B /* DoodleJumpTests */,
				872739E9241526F3002BD06B /* DoodleJumpUITests */,
			);
		};
/* End PBXProject section */

/* Begin PBXResourcesBuildPhase section */
		872739C3241526EF002BD06B /* Resources */ = {
			isa = PBXResourcesBuildPhase;
			buildActionMask = 2147483647;
			files = (
				873168DC241E7FA100024ECC /* redFloor.png in Resources */,
				872739D4241526EF002BD06B /* Main.storyboard in Resources */,
				873168DD241E7FA100024ECC /* whiteFloor.png in Resources */,
				87273A0E24153420002BD06B /* background.png in Resources */,
				8753956A241D350700A02B2C /* rightStay.png in Resources */,
				873168DB241E7FA100024ECC /* blueFloor.png in Resources */,
				87539568241D350700A02B2C /* rightSeat.png in Resources */,
				87539569241D350700A02B2C /* leftStay.png in Resources */,
				873168DF241EA14C00024ECC /* greenBackground.png in Resources */,
				87539567241D350700A02B2C /* leftSeat.png in Resources */,
				872739D6241526F2002BD06B /* Assets.xcassets in Resources */,
				872739D9241526F2002BD06B /* LaunchScreen.storyboard in Resources */,
			);
			runOnlyForDeploymentPostprocessing = 0;
		};
		872739DD241526F3002BD06B /* Resources */ = {
			isa = PBXResourcesBuildPhase;
			buildActionMask = 2147483647;
			files = (
			);
			runOnlyForDeploymentPostprocessing = 0;
		};
		872739E8241526F3002BD06B /* Resources */ = {
			isa = PBXResourcesBuildPhase;
			buildActionMask = 2147483647;
			files = (
			);
			runOnlyForDeploymentPostprocessing = 0;
		};
/* End PBXResourcesBuildPhase section */

/* Begin PBXSourcesBuildPhase section */
		872739C1241526EF002BD06B /* Sources */ = {
			isa = PBXSourcesBuildPhase;
			buildActionMask = 2147483647;
			files = (
				87831663241CE330003C208A /* MenuSceneHUD.swift in Sources */,
				87B57F53241A4523008CB14E /* GameSceneExtension.swift in Sources */,
				8751ED59241E7386005EAAB7 /* WhiteFloor.swift in Sources */,
				874BE0B5241B79ED001678DF /* GameSceneHUD.swift in Sources */,
				8751ED5D241E739C005EAAB7 /* BlueFloor.swift in Sources */,
				87273A1324155698002BD06B /* Floor.swift in Sources */,
				872739CF241526EF002BD06B /* GameScene.swift in Sources */,
				87B57F55241A580C008CB14E /* MenuScene.swift in Sources */,
				872739D1241526EF002BD06B /* GameViewController.swift in Sources */,
				87273A15241579AE002BD06B /* Stucts.swift in Sources */,
				872739C9241526EF002BD06B /* AppDelegate.swift in Sources */,
				8751ED5B241E738D005EAAB7 /* RedFloor.swift in Sources */,
				87339A1E241E373800C1A5CD /* Textures.swift in Sources */,
				87273A112415528F002BD06B /* Player.swift in Sources */,
				873168E1241EA1CA00024ECC /* GreenBackground.swift in Sources */,
				87273A0D24153234002BD06B /* Background.swift in Sources */,
				8753955B241D325900A02B2C /* UIViewExtension.swift in Sources */,
			);
			runOnlyForDeploymentPostprocessing = 0;
		};
		872739DB241526F3002BD06B /* Sources */ = {
			isa = PBXSourcesBuildPhase;
			buildActionMask = 2147483647;
			files = (
				872739E4241526F3002BD06B /* DoodleJumpTests.swift in Sources */,
			);
			runOnlyForDeploymentPostprocessing = 0;
		};
		872739E6241526F3002BD06B /* Sources */ = {
			isa = PBXSourcesBuildPhase;
			buildActionMask = 2147483647;
			files = (
				872739EF241526F3002BD06B /* DoodleJumpUITests.swift in Sources */,
			);
			runOnlyForDeploymentPostprocessing = 0;
		};
/* End PBXSourcesBuildPhase section */

/* Begin PBXTargetDependency section */
		872739E1241526F3002BD06B /* PBXTargetDependency */ = {
			isa = PBXTargetDependency;
			target = 872739C4241526EF002BD06B /* DoodleJump */;
			targetProxy = 872739E0241526F3002BD06B /* PBXContainerItemProxy */;
		};
		872739EC241526F3002BD06B /* PBXTargetDependency */ = {
			isa = PBXTargetDependency;
			target = 872739C4241526EF002BD06B /* DoodleJump */;
			targetProxy = 872739EB241526F3002BD06B /* PBXContainerItemProxy */;
		};
/* End PBXTargetDependency section */

/* Begin PBXVariantGroup section */
		872739D2241526EF002BD06B /* Main.storyboard */ = {
			isa = PBXVariantGroup;
			children = (
				872739D3241526EF002BD06B /* Base */,
			);
			name = Main.storyboard;
			sourceTree = "<group>";
		};
		872739D7241526F2002BD06B /* LaunchScreen.storyboard */ = {
			isa = PBXVariantGroup;
			children = (
				872739D8241526F2002BD06B /* Base */,
			);
			name = LaunchScreen.storyboard;
			sourceTree = "<group>";
		};
/* End PBXVariantGroup section */

/* Begin XCBuildConfiguration section */
		872739F1241526F3002BD06B /* Debug */ = {
			isa = XCBuildConfiguration;
			buildSettings = {
				ALWAYS_SEARCH_USER_PATHS = NO;
				CLANG_ANALYZER_NONNULL = YES;
				CLANG_ANALYZER_NUMBER_OBJECT_CONVERSION = YES_AGGRESSIVE;
				CLANG_CXX_LANGUAGE_STANDARD = "gnu++14";
				CLANG_CXX_LIBRARY = "libc++";
				CLANG_ENABLE_MODULES = YES;
				CLANG_ENABLE_OBJC_ARC = YES;
				CLANG_ENABLE_OBJC_WEAK = YES;
				CLANG_WARN_BLOCK_CAPTURE_AUTORELEASING = YES;
				CLANG_WARN_BOOL_CONVERSION = YES;
				CLANG_WARN_COMMA = YES;
				CLANG_WARN_CONSTANT_CONVERSION = YES;
				CLANG_WARN_DEPRECATED_OBJC_IMPLEMENTATIONS = YES;
				CLANG_WARN_DIRECT_OBJC_ISA_USAGE = YES_ERROR;
				CLANG_WARN_DOCUMENTATION_COMMENTS = YES;
				CLANG_WARN_EMPTY_BODY = YES;
				CLANG_WARN_ENUM_CONVERSION = YES;
				CLANG_WARN_INFINITE_RECURSION = YES;
				CLANG_WARN_INT_CONVERSION = YES;
				CLANG_WARN_NON_LITERAL_NULL_CONVERSION = YES;
				CLANG_WARN_OBJC_IMPLICIT_RETAIN_SELF = YES;
				CLANG_WARN_OBJC_LITERAL_CONVERSION = YES;
				CLANG_WARN_OBJC_ROOT_CLASS = YES_ERROR;
				CLANG_WARN_RANGE_LOOP_ANALYSIS = YES;
				CLANG_WARN_STRICT_PROTOTYPES = YES;
				CLANG_WARN_SUSPICIOUS_MOVE = YES;
				CLANG_WARN_UNGUARDED_AVAILABILITY = YES_AGGRESSIVE;
				CLANG_WARN_UNREACHABLE_CODE = YES;
				CLANG_WARN__DUPLICATE_METHOD_MATCH = YES;
				COPY_PHASE_STRIP = NO;
				DEBUG_INFORMATION_FORMAT = dwarf;
				ENABLE_STRICT_OBJC_MSGSEND = YES;
				ENABLE_TESTABILITY = YES;
				GCC_C_LANGUAGE_STANDARD = gnu11;
				GCC_DYNAMIC_NO_PIC = NO;
				GCC_NO_COMMON_BLOCKS = YES;
				GCC_OPTIMIZATION_LEVEL = 0;
				GCC_PREPROCESSOR_DEFINITIONS = (
					"DEBUG=1",
					"$(inherited)",
				);
				GCC_WARN_64_TO_32_BIT_CONVERSION = YES;
				GCC_WARN_ABOUT_RETURN_TYPE = YES_ERROR;
				GCC_WARN_UNDECLARED_SELECTOR = YES;
				GCC_WARN_UNINITIALIZED_AUTOS = YES_AGGRESSIVE;
				GCC_WARN_UNUSED_FUNCTION = YES;
				GCC_WARN_UNUSED_VARIABLE = YES;
				IPHONEOS_DEPLOYMENT_TARGET = 13.2;
				MTL_ENABLE_DEBUG_INFO = INCLUDE_SOURCE;
				MTL_FAST_MATH = YES;
				ONLY_ACTIVE_ARCH = YES;
				SDKROOT = iphoneos;
				SWIFT_ACTIVE_COMPILATION_CONDITIONS = DEBUG;
				SWIFT_OPTIMIZATION_LEVEL = "-Onone";
			};
			name = Debug;
		};
		872739F2241526F3002BD06B /* Release */ = {
			isa = XCBuildConfiguration;
			buildSettings = {
				ALWAYS_SEARCH_USER_PATHS = NO;
				CLANG_ANALYZER_NONNULL = YES;
				CLANG_ANALYZER_NUMBER_OBJECT_CONVERSION = YES_AGGRESSIVE;
				CLANG_CXX_LANGUAGE_STANDARD = "gnu++14";
				CLANG_CXX_LIBRARY = "libc++";
				CLANG_ENABLE_MODULES = YES;
				CLANG_ENABLE_OBJC_ARC = YES;
				CLANG_ENABLE_OBJC_WEAK = YES;
				CLANG_WARN_BLOCK_CAPTURE_AUTORELEASING = YES;
				CLANG_WARN_BOOL_CONVERSION = YES;
				CLANG_WARN_COMMA = YES;
				CLANG_WARN_CONSTANT_CONVERSION = YES;
				CLANG_WARN_DEPRECATED_OBJC_IMPLEMENTATIONS = YES;
				CLANG_WARN_DIRECT_OBJC_ISA_USAGE = YES_ERROR;
				CLANG_WARN_DOCUMENTATION_COMMENTS = YES;
				CLANG_WARN_EMPTY_BODY = YES;
				CLANG_WARN_ENUM_CONVERSION = YES;
				CLANG_WARN_INFINITE_RECURSION = YES;
				CLANG_WARN_INT_CONVERSION = YES;
				CLANG_WARN_NON_LITERAL_NULL_CONVERSION = YES;
				CLANG_WARN_OBJC_IMPLICIT_RETAIN_SELF = YES;
				CLANG_WARN_OBJC_LITERAL_CONVERSION = YES;
				CLANG_WARN_OBJC_ROOT_CLASS = YES_ERROR;
				CLANG_WARN_RANGE_LOOP_ANALYSIS = YES;
				CLANG_WARN_STRICT_PROTOTYPES = YES;
				CLANG_WARN_SUSPICIOUS_MOVE = YES;
				CLANG_WARN_UNGUARDED_AVAILABILITY = YES_AGGRESSIVE;
				CLANG_WARN_UNREACHABLE_CODE = YES;
				CLANG_WARN__DUPLICATE_METHOD_MATCH = YES;
				COPY_PHASE_STRIP = NO;
				DEBUG_INFORMATION_FORMAT = "dwarf-with-dsym";
				ENABLE_NS_ASSERTIONS = NO;
				ENABLE_STRICT_OBJC_MSGSEND = YES;
				GCC_C_LANGUAGE_STANDARD = gnu11;
				GCC_NO_COMMON_BLOCKS = YES;
				GCC_WARN_64_TO_32_BIT_CONVERSION = YES;
				GCC_WARN_ABOUT_RETURN_TYPE = YES_ERROR;
				GCC_WARN_UNDECLARED_SELECTOR = YES;
				GCC_WARN_UNINITIALIZED_AUTOS = YES_AGGRESSIVE;
				GCC_WARN_UNUSED_FUNCTION = YES;
				GCC_WARN_UNUSED_VARIABLE = YES;
				IPHONEOS_DEPLOYMENT_TARGET = 13.2;
				MTL_ENABLE_DEBUG_INFO = NO;
				MTL_FAST_MATH = YES;
				SDKROOT = iphoneos;
				SWIFT_COMPILATION_MODE = wholemodule;
				SWIFT_OPTIMIZATION_LEVEL = "-O";
				VALIDATE_PRODUCT = YES;
			};
			name = Release;
		};
		872739F4241526F3002BD06B /* Debug */ = {
			isa = XCBuildConfiguration;
			buildSettings = {
				ASSETCATALOG_COMPILER_APPICON_NAME = AppIcon;
				CODE_SIGN_STYLE = Automatic;
				DEVELOPMENT_TEAM = 4J36SSFMWJ;
				INFOPLIST_FILE = DoodleJump/Info.plist;
				IPHONEOS_DEPLOYMENT_TARGET = 9.0;
				LD_RUNPATH_SEARCH_PATHS = (
					"$(inherited)",
					"@executable_path/Frameworks",
				);
				PRODUCT_BUNDLE_IDENTIFIER = "-.DoodleJump";
				PRODUCT_NAME = "$(TARGET_NAME)";
				SWIFT_VERSION = 5.0;
				TARGETED_DEVICE_FAMILY = "1,2";
			};
			name = Debug;
		};
		872739F5241526F3002BD06B /* Release */ = {
			isa = XCBuildConfiguration;
			buildSettings = {
				ASSETCATALOG_COMPILER_APPICON_NAME = AppIcon;
				CODE_SIGN_STYLE = Automatic;
				DEVELOPMENT_TEAM = 4J36SSFMWJ;
				INFOPLIST_FILE = DoodleJump/Info.plist;
				IPHONEOS_DEPLOYMENT_TARGET = 9.0;
				LD_RUNPATH_SEARCH_PATHS = (
					"$(inherited)",
					"@executable_path/Frameworks",
				);
				PRODUCT_BUNDLE_IDENTIFIER = "-.DoodleJump";
				PRODUCT_NAME = "$(TARGET_NAME)";
				SWIFT_VERSION = 5.0;
				TARGETED_DEVICE_FAMILY = "1,2";
			};
			name = Release;
		};
		872739F7241526F3002BD06B /* Debug */ = {
			isa = XCBuildConfiguration;
			buildSettings = {
				ALWAYS_EMBED_SWIFT_STANDARD_LIBRARIES = YES;
				BUNDLE_LOADER = "$(TEST_HOST)";
				CODE_SIGN_STYLE = Automatic;
				DEVELOPMENT_TEAM = 4J36SSFMWJ;
				INFOPLIST_FILE = DoodleJumpTests/Info.plist;
				IPHONEOS_DEPLOYMENT_TARGET = 13.2;
				LD_RUNPATH_SEARCH_PATHS = (
					"$(inherited)",
					"@executable_path/Frameworks",
					"@loader_path/Frameworks",
				);
				PRODUCT_BUNDLE_IDENTIFIER = "-.DoodleJumpTests";
				PRODUCT_NAME = "$(TARGET_NAME)";
				SWIFT_VERSION = 5.0;
				TARGETED_DEVICE_FAMILY = "1,2";
				TEST_HOST = "$(BUILT_PRODUCTS_DIR)/DoodleJump.app/DoodleJump";
			};
			name = Debug;
		};
		872739F8241526F3002BD06B /* Release */ = {
			isa = XCBuildConfiguration;
			buildSettings = {
				ALWAYS_EMBED_SWIFT_STANDARD_LIBRARIES = YES;
				BUNDLE_LOADER = "$(TEST_HOST)";
				CODE_SIGN_STYLE = Automatic;
				DEVELOPMENT_TEAM = 4J36SSFMWJ;
				INFOPLIST_FILE = DoodleJumpTests/Info.plist;
				IPHONEOS_DEPLOYMENT_TARGET = 13.2;
				LD_RUNPATH_SEARCH_PATHS = (
					"$(inherited)",
					"@executable_path/Frameworks",
					"@loader_path/Frameworks",
				);
				PRODUCT_BUNDLE_IDENTIFIER = "-.DoodleJumpTests";
				PRODUCT_NAME = "$(TARGET_NAME)";
				SWIFT_VERSION = 5.0;
				TARGETED_DEVICE_FAMILY = "1,2";
				TEST_HOST = "$(BUILT_PRODUCTS_DIR)/DoodleJump.app/DoodleJump";
			};
			name = Release;
		};
		872739FA241526F3002BD06B /* Debug */ = {
			isa = XCBuildConfiguration;
			buildSettings = {
				ALWAYS_EMBED_SWIFT_STANDARD_LIBRARIES = YES;
				CODE_SIGN_STYLE = Automatic;
				DEVELOPMENT_TEAM = 4J36SSFMWJ;
				INFOPLIST_FILE = DoodleJumpUITests/Info.plist;
				LD_RUNPATH_SEARCH_PATHS = (
					"$(inherited)",
					"@executable_path/Frameworks",
					"@loader_path/Frameworks",
				);
				PRODUCT_BUNDLE_IDENTIFIER = "-.DoodleJumpUITests";
				PRODUCT_NAME = "$(TARGET_NAME)";
				SWIFT_VERSION = 5.0;
				TARGETED_DEVICE_FAMILY = "1,2";
				TEST_TARGET_NAME = DoodleJump;
			};
			name = Debug;
		};
		872739FB241526F3002BD06B /* Release */ = {
			isa = XCBuildConfiguration;
			buildSettings = {
				ALWAYS_EMBED_SWIFT_STANDARD_LIBRARIES = YES;
				CODE_SIGN_STYLE = Automatic;
				DEVELOPMENT_TEAM = 4J36SSFMWJ;
				INFOPLIST_FILE = DoodleJumpUITests/Info.plist;
				LD_RUNPATH_SEARCH_PATHS = (
					"$(inherited)",
					"@executable_path/Frameworks",
					"@loader_path/Frameworks",
				);
				PRODUCT_BUNDLE_IDENTIFIER = "-.DoodleJumpUITests";
				PRODUCT_NAME = "$(TARGET_NAME)";
				SWIFT_VERSION = 5.0;
				TARGETED_DEVICE_FAMILY = "1,2";
				TEST_TARGET_NAME = DoodleJump;
			};
			name = Release;
		};
/* End XCBuildConfiguration section */

/* Begin XCConfigurationList section */
		872739C0241526EF002BD06B /* Build configuration list for PBXProject "DoodleJump" */ = {
			isa = XCConfigurationList;
			buildConfigurations = (
				872739F1241526F3002BD06B /* Debug */,
				872739F2241526F3002BD06B /* Release */,
			);
			defaultConfigurationIsVisible = 0;
			defaultConfigurationName = Release;
		};
		872739F3241526F3002BD06B /* Build configuration list for PBXNativeTarget "DoodleJump" */ = {
			isa = XCConfigurationList;
			buildConfigurations = (
				872739F4241526F3002BD06B /* Debug */,
				872739F5241526F3002BD06B /* Release */,
			);
			defaultConfigurationIsVisible = 0;
			defaultConfigurationName = Release;
		};
		872739F6241526F3002BD06B /* Build configuration list for PBXNativeTarget "DoodleJumpTests" */ = {
			isa = XCConfigurationList;
			buildConfigurations = (
				872739F7241526F3002BD06B /* Debug */,
				872739F8241526F3002BD06B /* Release */,
			);
			defaultConfigurationIsVisible = 0;
			defaultConfigurationName = Release;
		};
		872739F9241526F3002BD06B /* Build configuration list for PBXNativeTarget "DoodleJumpUITests" */ = {
			isa = XCConfigurationList;
			buildConfigurations = (
				872739FA241526F3002BD06B /* Debug */,
				872739FB241526F3002BD06B /* Release */,
			);
			defaultConfigurationIsVisible = 0;
			defaultConfigurationName = Release;
		};
/* End XCConfigurationList section */
	};
	rootObject = 872739BD241526EF002BD06B /* Project object */;
}
